// !$*UTF8*$!
{
	archiveVersion = 1;
	classes = {
	};
	objectVersion = 50;
	objects = {

/* Begin PBXBuildFile section */
		B943D3FE24E63FA400C2A6B7 /* AppDelegate.swift in Sources */ = {isa = PBXBuildFile; fileRef = B943D3FD24E63FA400C2A6B7 /* AppDelegate.swift */; };
		B943D40024E63FA400C2A6B7 /* SceneDelegate.swift in Sources */ = {isa = PBXBuildFile; fileRef = B943D3FF24E63FA400C2A6B7 /* SceneDelegate.swift */; };
		B943D40224E63FA400C2A6B7 /* ContentView.swift in Sources */ = {isa = PBXBuildFile; fileRef = B943D40124E63FA400C2A6B7 /* ContentView.swift */; };
		B943D40424E63FAE00C2A6B7 /* Assets.xcassets in Resources */ = {isa = PBXBuildFile; fileRef = B943D40324E63FAE00C2A6B7 /* Assets.xcassets */; };
		B943D40724E63FAE00C2A6B7 /* Preview Assets.xcassets in Resources */ = {isa = PBXBuildFile; fileRef = B943D40624E63FAE00C2A6B7 /* Preview Assets.xcassets */; };
		B943D40A24E63FAE00C2A6B7 /* LaunchScreen.storyboard in Resources */ = {isa = PBXBuildFile; fileRef = B943D40824E63FAE00C2A6B7 /* LaunchScreen.storyboard */; };
		B943D41224E6515A00C2A6B7 /* ConvertN2W.swift in Sources */ = {isa = PBXBuildFile; fileRef = B943D41124E6515A00C2A6B7 /* ConvertN2W.swift */; };
		B943D41424E65A3B00C2A6B7 /* Helper.swift in Sources */ = {isa = PBXBuildFile; fileRef = B943D41324E65A3B00C2A6B7 /* Helper.swift */; };
/* End PBXBuildFile section */

/* Begin PBXFileReference section */
		B943D3FA24E63FA400C2A6B7 /* N2W.app */ = {isa = PBXFileReference; explicitFileType = wrapper.application; includeInIndex = 0; path = N2W.app; sourceTree = BUILT_PRODUCTS_DIR; };
		B943D3FD24E63FA400C2A6B7 /* AppDelegate.swift */ = {isa = PBXFileReference; lastKnownFileType = sourcecode.swift; path = AppDelegate.swift; sourceTree = "<group>"; };
		B943D3FF24E63FA400C2A6B7 /* SceneDelegate.swift */ = {isa = PBXFileReference; lastKnownFileType = sourcecode.swift; path = SceneDelegate.swift; sourceTree = "<group>"; };
		B943D40124E63FA400C2A6B7 /* ContentView.swift */ = {isa = PBXFileReference; lastKnownFileType = sourcecode.swift; path = ContentView.swift; sourceTree = "<group>"; };
		B943D40324E63FAE00C2A6B7 /* Assets.xcassets */ = {isa = PBXFileReference; lastKnownFileType = folder.assetcatalog; path = Assets.xcassets; sourceTree = "<group>"; };
		B943D40624E63FAE00C2A6B7 /* Preview Assets.xcassets */ = {isa = PBXFileReference; lastKnownFileType = folder.assetcatalog; path = "Preview Assets.xcassets"; sourceTree = "<group>"; };
		B943D40924E63FAE00C2A6B7 /* Base */ = {isa = PBXFileReference; lastKnownFileType = file.storyboard; name = Base; path = Base.lproj/LaunchScreen.storyboard; sourceTree = "<group>"; };
		B943D40B24E63FAE00C2A6B7 /* Info.plist */ = {isa = PBXFileReference; lastKnownFileType = text.plist.xml; path = Info.plist; sourceTree = "<group>"; };
		B943D41124E6515A00C2A6B7 /* ConvertN2W.swift */ = {isa = PBXFileReference; lastKnownFileType = sourcecode.swift; path = ConvertN2W.swift; sourceTree = "<group>"; };
		B943D41324E65A3B00C2A6B7 /* Helper.swift */ = {isa = PBXFileReference; lastKnownFileType = sourcecode.swift; path = Helper.swift; sourceTree = "<group>"; };
/* End PBXFileReference section */

/* Begin PBXFrameworksBuildPhase section */
		B943D3F724E63FA400C2A6B7 /* Frameworks */ = {
			isa = PBXFrameworksBuildPhase;
			buildActionMask = 2147483647;
			files = (
			);
			runOnlyForDeploymentPostprocessing = 0;
		};
/* End PBXFrameworksBuildPhase section */

/* Begin PBXGroup section */
		B943D3F124E63FA400C2A6B7 = {
			isa = PBXGroup;
			children = (
				B943D3FC24E63FA400C2A6B7 /* N2W */,
				B943D3FB24E63FA400C2A6B7 /* Products */,
			);
			sourceTree = "<group>";
		};
		B943D3FB24E63FA400C2A6B7 /* Products */ = {
			isa = PBXGroup;
			children = (
				B943D3FA24E63FA400C2A6B7 /* N2W.app */,
			);
			name = Products;
			sourceTree = "<group>";
		};
		B943D3FC24E63FA400C2A6B7 /* N2W */ = {
			isa = PBXGroup;
			children = (
				B943D3FD24E63FA400C2A6B7 /* AppDelegate.swift */,
				B943D3FF24E63FA400C2A6B7 /* SceneDelegate.swift */,
				B943D40124E63FA400C2A6B7 /* ContentView.swift */,
				B943D40324E63FAE00C2A6B7 /* Assets.xcassets */,
				B943D40824E63FAE00C2A6B7 /* LaunchScreen.storyboard */,
				B943D40B24E63FAE00C2A6B7 /* Info.plist */,
				B943D40524E63FAE00C2A6B7 /* Preview Content */,
				B943D41124E6515A00C2A6B7 /* ConvertN2W.swift */,
				B943D41324E65A3B00C2A6B7 /* Helper.swift */,
			);
			path = N2W;
			sourceTree = "<group>";
		};
		B943D40524E63FAE00C2A6B7 /* Preview Content */ = {
			isa = PBXGroup;
			children = (
				B943D40624E63FAE00C2A6B7 /* Preview Assets.xcassets */,
			);
			path = "Preview Content";
			sourceTree = "<group>";
		};
/* End PBXGroup section */

/* Begin PBXNativeTarget section */
		B943D3F924E63FA400C2A6B7 /* N2W */ = {
			isa = PBXNativeTarget;
			buildConfigurationList = B943D40E24E63FAE00C2A6B7 /* Build configuration list for PBXNativeTarget "N2W" */;
			buildPhases = (
				B943D3F624E63FA400C2A6B7 /* Sources */,
				B943D3F724E63FA400C2A6B7 /* Frameworks */,
				B943D3F824E63FA400C2A6B7 /* Resources */,
			);
			buildRules = (
			);
			dependencies = (
			);
			name = N2W;
			productName = N2W;
			productReference = B943D3FA24E63FA400C2A6B7 /* N2W.app */;
			productType = "com.apple.product-type.application";
		};
/* End PBXNativeTarget section */

/* Begin PBXProject section */
		B943D3F224E63FA400C2A6B7 /* Project object */ = {
			isa = PBXProject;
			attributes = {
				LastSwiftUpdateCheck = 1100;
				LastUpgradeCheck = 1100;
				ORGANIZATIONNAME = test;
				TargetAttributes = {
					B943D3F924E63FA400C2A6B7 = {
						CreatedOnToolsVersion = 11.0;
					};
				};
			};
			buildConfigurationList = B943D3F524E63FA400C2A6B7 /* Build configuration list for PBXProject "N2W" */;
			compatibilityVersion = "Xcode 9.3";
			developmentRegion = en;
			hasScannedForEncodings = 0;
			knownRegions = (
				en,
				Base,
			);
			mainGroup = B943D3F124E63FA400C2A6B7;
			productRefGroup = B943D3FB24E63FA400C2A6B7 /* Products */;
			projectDirPath = "";
			projectRoot = "";
			targets = (
				B943D3F924E63FA400C2A6B7 /* N2W */,
			);
		};
/* End PBXProject section */

/* Begin PBXResourcesBuildPhase section */
		B943D3F824E63FA400C2A6B7 /* Resources */ = {
			isa = PBXResourcesBuildPhase;
			buildActionMask = 2147483647;
			files = (
				B943D40A24E63FAE00C2A6B7 /* LaunchScreen.storyboard in Resources */,
				B943D40724E63FAE00C2A6B7 /* Preview Assets.xcassets in Resources */,
				B943D40424E63FAE00C2A6B7 /* Assets.xcassets in Resources */,
			);
			runOnlyForDeploymentPostprocessing = 0;
		};
/* End PBXResourcesBuildPhase section */

/* Begin PBXSourcesBuildPhase section */
		B943D3F624E63FA400C2A6B7 /* Sources */ = {
			isa = PBXSourcesBuildPhase;
			buildActionMask = 2147483647;
			files = (
				B943D3FE24E63FA400C2A6B7 /* AppDelegate.swift in Sources */,
				B943D40024E63FA400C2A6B7 /* SceneDelegate.swift in Sources */,
				B943D41424E65A3B00C2A6B7 /* Helper.swift in Sources */,
				B943D40224E63FA400C2A6B7 /* ContentView.swift in Sources */,
				B943D41224E6515A00C2A6B7 /* ConvertN2W.swift in Sources */,
			);
			runOnlyForDeploymentPostprocessing = 0;
		};
/* End PBXSourcesBuildPhase section */

/* Begin PBXVariantGroup section */
		B943D40824E63FAE00C2A6B7 /* LaunchScreen.storyboard */ = {
			isa = PBXVariantGroup;
			children = (
				B943D40924E63FAE00C2A6B7 /* Base */,
			);
			name = LaunchScreen.storyboard;
			sourceTree = "<group>";
		};
/* End PBXVariantGroup section */

/* Begin XCBuildConfiguration section */
		B943D40C24E63FAE00C2A6B7 /* Debug */ = {
			isa = XCBuildConfiguration;
			buildSettings = {
				ALWAYS_SEARCH_USER_PATHS = NO;
				CLANG_ANALYZER_NONNULL = YES;
				CLANG_ANALYZER_NUMBER_OBJECT_CONVERSION = YES_AGGRESSIVE;
				CLANG_CXX_LANGUAGE_STANDARD = "gnu++14";
				CLANG_CXX_LIBRARY = "libc++";
				CLANG_ENABLE_MODULES = YES;
				CLANG_ENABLE_OBJC_ARC = YES;
				CLANG_ENABLE_OBJC_WEAK = YES;
				CLANG_WARN_BLOCK_CAPTURE_AUTORELEASING = YES;
				CLANG_WARN_BOOL_CONVERSION = YES;
				CLANG_WARN_COMMA = YES;
				CLANG_WARN_CONSTANT_CONVERSION = YES;
				CLANG_WARN_DEPRECATED_OBJC_IMPLEMENTATIONS = YES;
				CLANG_WARN_DIRECT_OBJC_ISA_USAGE = YES_ERROR;
				CLANG_WARN_DOCUMENTATION_COMMENTS = YES;
				CLANG_WARN_EMPTY_BODY = YES;
				CLANG_WARN_ENUM_CONVERSION = YES;
				CLANG_WARN_INFINITE_RECURSION = YES;
				CLANG_WARN_INT_CONVERSION = YES;
				CLANG_WARN_NON_LITERAL_NULL_CONVERSION = YES;
				CLANG_WARN_OBJC_IMPLICIT_RETAIN_SELF = YES;
				CLANG_WARN_OBJC_LITERAL_CONVERSION = YES;
				CLANG_WARN_OBJC_ROOT_CLASS = YES_ERROR;
				CLANG_WARN_RANGE_LOOP_ANALYSIS = YES;
				CLANG_WARN_STRICT_PROTOTYPES = YES;
				CLANG_WARN_SUSPICIOUS_MOVE = YES;
				CLANG_WARN_UNGUARDED_AVAILABILITY = YES_AGGRESSIVE;
				CLANG_WARN_UNREACHABLE_CODE = YES;
				CLANG_WARN__DUPLICATE_METHOD_MATCH = YES;
				COPY_PHASE_STRIP = NO;
				DEBUG_INFORMATION_FORMAT = dwarf;
				ENABLE_STRICT_OBJC_MSGSEND = YES;
				ENABLE_TESTABILITY = YES;
				GCC_C_LANGUAGE_STANDARD = gnu11;
				GCC_DYNAMIC_NO_PIC = NO;
				GCC_NO_COMMON_BLOCKS = YES;
				GCC_OPTIMIZATION_LEVEL = 0;
				GCC_PREPROCESSOR_DEFINITIONS = (
					"DEBUG=1",
					"$(inherited)",
				);
				GCC_WARN_64_TO_32_BIT_CONVERSION = YES;
				GCC_WARN_ABOUT_RETURN_TYPE = YES_ERROR;
				GCC_WARN_UNDECLARED_SELECTOR = YES;
				GCC_WARN_UNINITIALIZED_AUTOS = YES_AGGRESSIVE;
				GCC_WARN_UNUSED_FUNCTION = YES;
				GCC_WARN_UNUSED_VARIABLE = YES;
				IPHONEOS_DEPLOYMENT_TARGET = 13.0;
				MTL_ENABLE_DEBUG_INFO = INCLUDE_SOURCE;
				MTL_FAST_MATH = YES;
				ONLY_ACTIVE_ARCH = YES;
				SDKROOT = iphoneos;
				SWIFT_ACTIVE_COMPILATION_CONDITIONS = DEBUG;
				SWIFT_OPTIMIZATION_LEVEL = "-Onone";
			};
			name = Debug;
		};
		B943D40D24E63FAE00C2A6B7 /* Release */ = {
			isa = XCBuildConfiguration;
			buildSettings = {
				ALWAYS_SEARCH_USER_PATHS = NO;
				CLANG_ANALYZER_NONNULL = YES;
				CLANG_ANALYZER_NUMBER_OBJECT_CONVERSION = YES_AGGRESSIVE;
				CLANG_CXX_LANGUAGE_STANDARD = "gnu++14";
				CLANG_CXX_LIBRARY = "libc++";
				CLANG_ENABLE_MODULES = YES;
				CLANG_ENABLE_OBJC_ARC = YES;
				CLANG_ENABLE_OBJC_WEAK = YES;
				CLANG_WARN_BLOCK_CAPTURE_AUTORELEASING = YES;
				CLANG_WARN_BOOL_CONVERSION = YES;
				CLANG_WARN_COMMA = YES;
				CLANG_WARN_CONSTANT_CONVERSION = YES;
				CLANG_WARN_DEPRECATED_OBJC_IMPLEMENTATIONS = YES;
				CLANG_WARN_DIRECT_OBJC_ISA_USAGE = YES_ERROR;
				CLANG_WARN_DOCUMENTATION_COMMENTS = YES;
				CLANG_WARN_EMPTY_BODY = YES;
				CLANG_WARN_ENUM_CONVERSION = YES;
				CLANG_WARN_INFINITE_RECURSION = YES;
				CLANG_WARN_INT_CONVERSION = YES;
				CLANG_WARN_NON_LITERAL_NULL_CONVERSION = YES;
				CLANG_WARN_OBJC_IMPLICIT_RETAIN_SELF = YES;
				CLANG_WARN_OBJC_LITERAL_CONVERSION = YES;
				CLANG_WARN_OBJC_ROOT_CLASS = YES_ERROR;
				CLANG_WARN_RANGE_LOOP_ANALYSIS = YES;
				CLANG_WARN_STRICT_PROTOTYPES = YES;
				CLANG_WARN_SUSPICIOUS_MOVE = YES;
				CLANG_WARN_UNGUARDED_AVAILABILITY = YES_AGGRESSIVE;
				CLANG_WARN_UNREACHABLE_CODE = YES;
				CLANG_WARN__DUPLICATE_METHOD_MATCH = YES;
				COPY_PHASE_STRIP = NO;
				DEBUG_INFORMATION_FORMAT = "dwarf-with-dsym";
				ENABLE_NS_ASSERTIONS = NO;
				ENABLE_STRICT_OBJC_MSGSEND = YES;
				GCC_C_LANGUAGE_STANDARD = gnu11;
				GCC_NO_COMMON_BLOCKS = YES;
				GCC_WARN_64_TO_32_BIT_CONVERSION = YES;
				GCC_WARN_ABOUT_RETURN_TYPE = YES_ERROR;
				GCC_WARN_UNDECLARED_SELECTOR = YES;
				GCC_WARN_UNINITIALIZED_AUTOS = YES_AGGRESSIVE;
				GCC_WARN_UNUSED_FUNCTION = YES;
				GCC_WARN_UNUSED_VARIABLE = YES;
				IPHONEOS_DEPLOYMENT_TARGET = 13.0;
				MTL_ENABLE_DEBUG_INFO = NO;
				MTL_FAST_MATH = YES;
				SDKROOT = iphoneos;
				SWIFT_COMPILATION_MODE = wholemodule;
				SWIFT_OPTIMIZATION_LEVEL = "-O";
				VALIDATE_PRODUCT = YES;
			};
			name = Release;
		};
		B943D40F24E63FAE00C2A6B7 /* Debug */ = {
			isa = XCBuildConfiguration;
			buildSettings = {
				ASSETCATALOG_COMPILER_APPICON_NAME = AppIcon;
				CODE_SIGN_STYLE = Automatic;
				DEVELOPMENT_ASSET_PATHS = "\"N2W/Preview Content\"";
				ENABLE_PREVIEWS = YES;
				INFOPLIST_FILE = N2W/Info.plist;
				LD_RUNPATH_SEARCH_PATHS = (
					"$(inherited)",
					"@executable_path/Frameworks",
				);
				PRODUCT_BUNDLE_IDENTIFIER = com.test.N2W;
				PRODUCT_NAME = "$(TARGET_NAME)";
				SWIFT_VERSION = 5.0;
				TARGETED_DEVICE_FAMILY = "1,2";
			};
			name = Debug;
		};
		B943D41024E63FAE00C2A6B7 /* Release */ = {
			isa = XCBuildConfiguration;
			buildSettings = {
				ASSETCATALOG_COMPILER_APPICON_NAME = AppIcon;
				CODE_SIGN_STYLE = Automatic;
				DEVELOPMENT_ASSET_PATHS = "\"N2W/Preview Content\"";
				ENABLE_PREVIEWS = YES;
				INFOPLIST_FILE = N2W/Info.plist;
				LD_RUNPATH_SEARCH_PATHS = (
					"$(inherited)",
					"@executable_path/Frameworks",
				);
				PRODUCT_BUNDLE_IDENTIFIER = com.test.N2W;
				PRODUCT_NAME = "$(TARGET_NAME)";
				SWIFT_VERSION = 5.0;
				TARGETED_DEVICE_FAMILY = "1,2";
			};
			name = Release;
		};
/* End XCBuildConfiguration section */

/* Begin XCConfigurationList section */
		B943D3F524E63FA400C2A6B7 /* Build configuration list for PBXProject "N2W" */ = {
			isa = XCConfigurationList;
			buildConfigurations = (
				B943D40C24E63FAE00C2A6B7 /* Debug */,
				B943D40D24E63FAE00C2A6B7 /* Release */,
			);
			defaultConfigurationIsVisible = 0;
			defaultConfigurationName = Release;
		};
		B943D40E24E63FAE00C2A6B7 /* Build configuration list for PBXNativeTarget "N2W" */ = {
			isa = XCConfigurationList;
			buildConfigurations = (
				B943D40F24E63FAE00C2A6B7 /* Debug */,
				B943D41024E63FAE00C2A6B7 /* Release */,
			);
			defaultConfigurationIsVisible = 0;
			defaultConfigurationName = Release;
		};
/* End XCConfigurationList section */
	};
	rootObject = B943D3F224E63FA400C2A6B7 /* Project object */;
}
